Microsoft Visual Studio Solution File, Format Version 12.00
# Visual Studio 15
VisualStudioVersion = 15.0.27004.2006
MinimumVisualStudioVersion = 10.0.40219.1
Project("{FAE04EC0-301F-11D3-BF4B-00C04F79EFBC}") = "CoinFlipGame", "CoinFlipGame\CoinFlipGame.csproj", "{8F1E4ACF-009B-43B4-88DD-3E901D2C5446}"
EndProject
Project("{FAE04EC0-301F-11D3-BF4B-00C04F79EFBC}") = "CoinGameLib", "CoinGameLib\CoinGameLib.csproj", "{34BD35F7-DCCF-4728-8019-A77DBDCAFD30}"
EndProject
Global
	GlobalSection(SolutionConfigurationPlatforms) = preSolution
		Debug|Any CPU = Debug|Any CPU
		Release|Any CPU = Release|Any CPU
	EndGlobalSection
	GlobalSection(ProjectConfigurationPlatforms) = postSolution
		{8F1E4ACF-009B-43B4-88DD-3E901D2C5446}.Debug|Any CPU.ActiveCfg = Debug|Any CPU
		{8F1E4ACF-009B-43B4-88DD-3E901D2C5446}.Debug|Any CPU.Build.0 = Debug|Any CPU
		{8F1E4ACF-009B-43B4-88DD-3E901D2C5446}.Release|Any CPU.ActiveCfg = Release|Any CPU
		{8F1E4ACF-009B-43B4-88DD-3E901D2C5446}.Release|Any CPU.Build.0 = Release|Any CPU
		{34BD35F7-DCCF-4728-8019-A77DBDCAFD30}.Debug|Any CPU.ActiveCfg = Debug|Any CPU
		{34BD35F7-DCCF-4728-8019-A77DBDCAFD30}.Debug|Any CPU.Build.0 = Debug|Any CPU
		{34BD35F7-DCCF-4728-8019-A77DBDCAFD30}.Release|Any CPU.ActiveCfg = Release|Any CPU
		{34BD35F7-DCCF-4728-8019-A77DBDCAFD30}.Release|Any CPU.Build.0 = Release|Any CPU
	EndGlobalSection
	GlobalSection(SolutionProperties) = preSolution
		HideSolutionNode = FALSE
	EndGlobalSection
	GlobalSection(ExtensibilityGlobals) = postSolution
		SolutionGuid = {E2FF634A-FF70-47D8-A009-B1CBD74776D3}
	EndGlobalSection
EndGlobal
